version = 1
revision = 3
requires-python = ">=3.14"

[[package]]
name = "fonts"
version = "0.1.0"
source = { editable = "." }
dependencies = [
    { name = "fonttools" },
]

[package.metadata]
requires-dist = [{ name = "fonttools", specifier = ">=4.63.0" }]

[[package]]
name = "fonttools"
version = "4.63.0"
source = { registry = "https://pypi.org/simple" }
sdist = { url = "https://files.pythonhosted.org/packages/84/69/c97f2c18e0db87d2c7b15da1974dace76ae938f1cfa22e2727a648b7ed43/fonttools-4.63.0.tar.gz", hash = "sha256:caeb583deeb5168e694b65cda8b4ee62abedfa66cf88488734466f2366b9c4e0", size = 3597189, upload-time = "2026-05-14T12:04:30.958Z" }
wheels = [
    { url = "https://files.pythonhosted.org/packages/27/d2/23d25e3f247b328be58d04a4c9f894178a0d1eda7d42867cfb388adaf416/fonttools-4.63.0-cp314-cp314-macosx_10_15_universal2.whl", hash = "sha256:fd1e3094f42d806d3d7c79162fc59e5910fcbe3a7360c385b8da969bc4493745", size = 2875338, upload-time = "2026-05-14T12:03:50.052Z" },
    { url = "https://files.pythonhosted.org/packages/cd/58/7dfa0c761cb3b2964e2a84c4dc986c926a87de0cb9fb60d5b28ded3f2914/fonttools-4.63.0-cp314-cp314-macosx_10_15_x86_64.whl", hash = "sha256:6e528da43bc3791085f8cb6141b1d13e459226790240340fcbb4625649238b03", size = 2422661, upload-time = "2026-05-14T12:03:52.154Z" },
    { url = "https://files.pythonhosted.org/packages/dd/87/64cfa18a7a1621d17b7f4502b2b0ed8a135a90c3db51ea590ee99043e76b/fonttools-4.63.0-cp314-cp314-manylinux2014_aarch64.manylinux_2_17_aarch64.manylinux_2_28_aarch64.whl", hash = "sha256:6b2248c5decb223562f7902ff6325077a073f608ee8e33e88ad88db734eb9f49", size = 5010526, upload-time = "2026-05-14T12:03:54.647Z" },
    { url = "https://files.pythonhosted.org/packages/36/e1/a8933a72c45a87177fbde2696e0d0755c8c9062f8c077a961c6215fa27b1/fonttools-4.63.0-cp314-cp314-manylinux2014_x86_64.manylinux_2_17_x86_64.whl", hash = "sha256:308f957cdeaf8abe4e5f2f124902ef405448af92c90f80e302a3b771c2e6116b", size = 4923946, upload-time = "2026-05-14T12:03:56.984Z" },
    { url = "https://files.pythonhosted.org/packages/27/60/872e6e233b8c5e8b41413796ff18b7fe479661bd40147e071b450dfad7a1/fonttools-4.63.0-cp314-cp314-musllinux_1_2_aarch64.whl", hash = "sha256:bf00f21eb5fb721dbaf73d1e9da6d02a1af7768f2ebcf9798be98beab8ba90f6", size = 4962489, upload-time = "2026-05-14T12:03:59.443Z" },
    { url = "https://files.pythonhosted.org/packages/30/c4/83c24f2ec38b90cfda84bf4b1a1f49df80e84a1db4e7ac6e0d41bf23bc39/fonttools-4.63.0-cp314-cp314-musllinux_1_2_x86_64.whl", hash = "sha256:c1aaa4b9c75798400ac043ce04d74e7830376c85095a5a6ed7cba2f17a266bf4", size = 5071870, upload-time = "2026-05-14T12:04:02.122Z" },
    { url = "https://files.pythonhosted.org/packages/de/40/3ae22b60ff1d41ce0bd044b31238cdc72cef99f28b976f1e128ebd618c9b/fonttools-4.63.0-cp314-cp314-win32.whl", hash = "sha256:22693918177bd9ceabec4736d338045f357769416fc6b0b2508eefef75b08616", size = 2295026, upload-time = "2026-05-14T12:04:04.47Z" },
    { url = "https://files.pythonhosted.org/packages/c3/d4/98078064ccc76b45cb0f6c002452011e93c4bd26f6850344f0951cc1fe89/fonttools-4.63.0-cp314-cp314-win_amd64.whl", hash = "sha256:7d782fac32985914c351556f68ac0855391572bcd87de50e05970d3cd4c96fc5", size = 2347454, upload-time = "2026-05-14T12:04:06.752Z" },
    { url = "https://files.pythonhosted.org/packages/49/4e/652d1580c5f4e39f7d103b0c793e4773129ad633dce4addd0cf4dfebde02/fonttools-4.63.0-cp314-cp314t-macosx_10_15_universal2.whl", hash = "sha256:6db5140a60a5d731d21ec076745b40a310607731b0a565b50776393188649001", size = 2958152, upload-time = "2026-05-14T12:04:08.706Z" },
    { url = "https://files.pythonhosted.org/packages/0e/55/ad864c9a9b219f552eb46b32cd7906c466e5a578ba0c3abfcc0fe7413eb6/fonttools-4.63.0-cp314-cp314t-macosx_10_15_x86_64.whl", hash = "sha256:7d76edbff9014094dbf03bd2d074709dfa6ec7aba13d838c937a2b33d2d6a86e", size = 2460809, upload-time = "2026-05-14T12:04:10.783Z" },
    { url = "https://files.pythonhosted.org/packages/ea/2b/0aa8db70f18cf52e49b4ed5ecec68547f981160bf5ded3b5aed6faa0a6f9/fonttools-4.63.0-cp314-cp314t-manylinux2014_aarch64.manylinux_2_17_aarch64.manylinux_2_28_aarch64.whl", hash = "sha256:0eac00b9118c3c2f87d272e45341871c5b3066baa3c86897fa634a7c3fb59096", size = 5148649, upload-time = "2026-05-14T12:04:12.747Z" },
    { url = "https://files.pythonhosted.org/packages/7f/63/18e4369c25043096f1048e0c9915951adc4f842bd81c6b18155824d6fa99/fonttools-4.63.0-cp314-cp314t-manylinux2014_x86_64.manylinux_2_17_x86_64.whl", hash = "sha256:51394295f1a51de8b5f30bdb1e1b9a4231536c7064ef5c6e211eec19fa36036f", size = 4932147, upload-time = "2026-05-14T12:04:14.806Z" },
    { url = "https://files.pythonhosted.org/packages/a1/3f/67f3eac2ffd8a98446c5022f8ed3864eac878a5ff7af8df4c8286dba16cc/fonttools-4.63.0-cp314-cp314t-musllinux_1_2_aarch64.whl", hash = "sha256:9e12f105d2b6342c559c298afb674006bb2893afc7102dcf8a1b55b0486b4e40", size = 5027237, upload-time = "2026-05-14T12:04:17.675Z" },
    { url = "https://files.pythonhosted.org/packages/1a/ba/4e6214cb38a7b04779e97bb7636de9a5c7f20af7018d03dee0b64c08510a/fonttools-4.63.0-cp314-cp314t-musllinux_1_2_x86_64.whl", hash = "sha256:796f27556dbe094c4824f75ca85267e4df776c79036c8441469a4df37038c196", size = 5053933, upload-time = "2026-05-14T12:04:20.818Z" },
    { url = "https://files.pythonhosted.org/packages/34/3b/214dcc19ee31d3d38fb5ad2755c11ef0514e5dc300bbaf41c0b69f393799/fonttools-4.63.0-cp314-cp314t-win32.whl", hash = "sha256:948428a275741f0b64b113c955425a953314f4b9ab9997f73a72c83e68e569c8", size = 2359326, upload-time = "2026-05-14T12:04:24.22Z" },
    { url = "https://files.pythonhosted.org/packages/dd/1e/3ff1a9b523058c2eeb6a9d50f5574e2a738200d0d94107d5bc4105e8da3f/fonttools-4.63.0-cp314-cp314t-win_amd64.whl", hash = "sha256:6d4741eb179121cab9eea4cb2393d24492373a260d7945006358c08cfbf45419", size = 2425829, upload-time = "2026-05-14T12:04:26.829Z" },
    { url = "https://files.pythonhosted.org/packages/2c/47/c99d5268f354002ce80f8d029cd9d7d872969da1de8b93d32de4dc56d6f4/fonttools-4.63.0-py3-none-any.whl", hash = "sha256:445af2eab030a16b9171ea8bdda7ebf7d96bda2df88ee182a464252f6e05e20d", size = 1164562, upload-time = "2026-05-14T12:04:29.092Z" },
]
